// !$*UTF8*$!
{
	archiveVersion = 1;
	classes = {
	};
	objectVersion = 50;
	objects = {

/* Begin PBXBuildFile section */
		ADB56A952611602500D845B1 /* AppDelegate.swift in Sources */ = {isa = PBXBuildFile; fileRef = ADB56A942611602500D845B1 /* AppDelegate.swift */; };
		ADB56A972611602500D845B1 /* SceneDelegate.swift in Sources */ = {isa = PBXBuildFile; fileRef = ADB56A962611602500D845B1 /* SceneDelegate.swift */; };
		ADB56A9C2611602500D845B1 /* Main.storyboard in Resources */ = {isa = PBXBuildFile; fileRef = ADB56A9A2611602500D845B1 /* Main.storyboard */; };
		ADB56A9E2611602800D845B1 /* Assets.xcassets in Resources */ = {isa = PBXBuildFile; fileRef = ADB56A9D2611602800D845B1 /* Assets.xcassets */; };
		ADB56AA12611602800D845B1 /* LaunchScreen.storyboard in Resources */ = {isa = PBXBuildFile; fileRef = ADB56A9F2611602800D845B1 /* LaunchScreen.storyboard */; };
		ADB56AA9261161EA00D845B1 /* PhotosViewController.swift in Sources */ = {isa = PBXBuildFile; fileRef = ADB56AA8261161EA00D845B1 /* PhotosViewController.swift */; };
		ADB56AAB2611635B00D845B1 /* FlickrAPI.swift in Sources */ = {isa = PBXBuildFile; fileRef = ADB56AAA2611635B00D845B1 /* FlickrAPI.swift */; };
		ADB56AAD2611652800D845B1 /* PhotoStore.swift in Sources */ = {isa = PBXBuildFile; fileRef = ADB56AAC2611652800D845B1 /* PhotoStore.swift */; };
		ADB56AAF2611678700D845B1 /* Photo.swift in Sources */ = {isa = PBXBuildFile; fileRef = ADB56AAE2611678700D845B1 /* Photo.swift */; };
		ADE9083826120520003709E6 /* StockAPI.swift in Sources */ = {isa = PBXBuildFile; fileRef = ADE9083726120520003709E6 /* StockAPI.swift */; };
		ADE9083A2612052F003709E6 /* StockStore.swift in Sources */ = {isa = PBXBuildFile; fileRef = ADE908392612052F003709E6 /* StockStore.swift */; };
		ADE9083C26120F81003709E6 /* StockSearchResult.swift in Sources */ = {isa = PBXBuildFile; fileRef = ADE9083B26120F81003709E6 /* StockSearchResult.swift */; };
		ADE9083E261212A2003709E6 /* ActiveStock.swift in Sources */ = {isa = PBXBuildFile; fileRef = ADE9083D261212A2003709E6 /* ActiveStock.swift */; };
		ADE9084026121481003709E6 /* StockProfile.swift in Sources */ = {isa = PBXBuildFile; fileRef = ADE9083F26121481003709E6 /* StockProfile.swift */; };
/* End PBXBuildFile section */

/* Begin PBXFileReference section */
		ADB56A912611602500D845B1 /* FlickerViewer.app */ = {isa = PBXFileReference; explicitFileType = wrapper.application; includeInIndex = 0; path = FlickerViewer.app; sourceTree = BUILT_PRODUCTS_DIR; };
		ADB56A942611602500D845B1 /* AppDelegate.swift */ = {isa = PBXFileReference; lastKnownFileType = sourcecode.swift; path = AppDelegate.swift; sourceTree = "<group>"; };
		ADB56A962611602500D845B1 /* SceneDelegate.swift */ = {isa = PBXFileReference; lastKnownFileType = sourcecode.swift; path = SceneDelegate.swift; sourceTree = "<group>"; };
		ADB56A9B2611602500D845B1 /* Base */ = {isa = PBXFileReference; lastKnownFileType = file.storyboard; name = Base; path = Base.lproj/Main.storyboard; sourceTree = "<group>"; };
		ADB56A9D2611602800D845B1 /* Assets.xcassets */ = {isa = PBXFileReference; lastKnownFileType = folder.assetcatalog; path = Assets.xcassets; sourceTree = "<group>"; };
		ADB56AA02611602800D845B1 /* Base */ = {isa = PBXFileReference; lastKnownFileType = file.storyboard; name = Base; path = Base.lproj/LaunchScreen.storyboard; sourceTree = "<group>"; };
		ADB56AA22611602800D845B1 /* Info.plist */ = {isa = PBXFileReference; lastKnownFileType = text.plist.xml; path = Info.plist; sourceTree = "<group>"; };
		ADB56AA8261161EA00D845B1 /* PhotosViewController.swift */ = {isa = PBXFileReference; lastKnownFileType = sourcecode.swift; path = PhotosViewController.swift; sourceTree = "<group>"; };
		ADB56AAA2611635B00D845B1 /* FlickrAPI.swift */ = {isa = PBXFileReference; lastKnownFileType = sourcecode.swift; path = FlickrAPI.swift; sourceTree = "<group>"; };
		ADB56AAC2611652800D845B1 /* PhotoStore.swift */ = {isa = PBXFileReference; lastKnownFileType = sourcecode.swift; path = PhotoStore.swift; sourceTree = "<group>"; };
		ADB56AAE2611678700D845B1 /* Photo.swift */ = {isa = PBXFileReference; lastKnownFileType = sourcecode.swift; path = Photo.swift; sourceTree = "<group>"; };
		ADE9083726120520003709E6 /* StockAPI.swift */ = {isa = PBXFileReference; lastKnownFileType = sourcecode.swift; path = StockAPI.swift; sourceTree = "<group>"; };
		ADE908392612052F003709E6 /* StockStore.swift */ = {isa = PBXFileReference; lastKnownFileType = sourcecode.swift; path = StockStore.swift; sourceTree = "<group>"; };
		ADE9083B26120F81003709E6 /* StockSearchResult.swift */ = {isa = PBXFileReference; lastKnownFileType = sourcecode.swift; path = StockSearchResult.swift; sourceTree = "<group>"; };
		ADE9083D261212A2003709E6 /* ActiveStock.swift */ = {isa = PBXFileReference; lastKnownFileType = sourcecode.swift; path = ActiveStock.swift; sourceTree = "<group>"; };
		ADE9083F26121481003709E6 /* StockProfile.swift */ = {isa = PBXFileReference; lastKnownFileType = sourcecode.swift; path = StockProfile.swift; sourceTree = "<group>"; };
/* End PBXFileReference section */

/* Begin PBXFrameworksBuildPhase section */
		ADB56A8E2611602500D845B1 /* Frameworks */ = {
			isa = PBXFrameworksBuildPhase;
			buildActionMask = 2147483647;
			files = (
			);
			runOnlyForDeploymentPostprocessing = 0;
		};
/* End PBXFrameworksBuildPhase section */

/* Begin PBXGroup section */
		ADB56A882611602500D845B1 = {
			isa = PBXGroup;
			children = (
				ADB56A932611602500D845B1 /* FlickerViewer */,
				ADB56A922611602500D845B1 /* Products */,
			);
			sourceTree = "<group>";
		};
		ADB56A922611602500D845B1 /* Products */ = {
			isa = PBXGroup;
			children = (
				ADB56A912611602500D845B1 /* FlickerViewer.app */,
			);
			name = Products;
			sourceTree = "<group>";
		};
		ADB56A932611602500D845B1 /* FlickerViewer */ = {
			isa = PBXGroup;
			children = (
				ADB56AA8261161EA00D845B1 /* PhotosViewController.swift */,
				ADB56A942611602500D845B1 /* AppDelegate.swift */,
				ADB56A962611602500D845B1 /* SceneDelegate.swift */,
				ADB56A9A2611602500D845B1 /* Main.storyboard */,
				ADB56A9D2611602800D845B1 /* Assets.xcassets */,
				ADB56A9F2611602800D845B1 /* LaunchScreen.storyboard */,
				ADB56AA22611602800D845B1 /* Info.plist */,
				ADB56AAA2611635B00D845B1 /* FlickrAPI.swift */,
				ADB56AAC2611652800D845B1 /* PhotoStore.swift */,
				ADB56AAE2611678700D845B1 /* Photo.swift */,
				ADE9083B26120F81003709E6 /* StockSearchResult.swift */,
				ADE9083726120520003709E6 /* StockAPI.swift */,
				ADE908392612052F003709E6 /* StockStore.swift */,
				ADE9083D261212A2003709E6 /* ActiveStock.swift */,
				ADE9083F26121481003709E6 /* StockProfile.swift */,
			);
			path = FlickerViewer;
			sourceTree = "<group>";
		};
/* End PBXGroup section */

/* Begin PBXNativeTarget section */
		ADB56A902611602500D845B1 /* FlickerViewer */ = {
			isa = PBXNativeTarget;
			buildConfigurationList = ADB56AA52611602800D845B1 /* Build configuration list for PBXNativeTarget "FlickerViewer" */;
			buildPhases = (
				ADB56A8D2611602500D845B1 /* Sources */,
				ADB56A8E2611602500D845B1 /* Frameworks */,
				ADB56A8F2611602500D845B1 /* Resources */,
			);
			buildRules = (
			);
			dependencies = (
			);
			name = FlickerViewer;
			productName = FlickerViewer;
			productReference = ADB56A912611602500D845B1 /* FlickerViewer.app */;
			productType = "com.apple.product-type.application";
		};
/* End PBXNativeTarget section */

/* Begin PBXProject section */
		ADB56A892611602500D845B1 /* Project object */ = {
			isa = PBXProject;
			attributes = {
				LastSwiftUpdateCheck = 1250;
				LastUpgradeCheck = 1250;
				TargetAttributes = {
					ADB56A902611602500D845B1 = {
						CreatedOnToolsVersion = 12.5;
					};
				};
			};
			buildConfigurationList = ADB56A8C2611602500D845B1 /* Build configuration list for PBXProject "FlickerViewer" */;
			compatibilityVersion = "Xcode 9.3";
			developmentRegion = en;
			hasScannedForEncodings = 0;
			knownRegions = (
				en,
				Base,
			);
			mainGroup = ADB56A882611602500D845B1;
			productRefGroup = ADB56A922611602500D845B1 /* Products */;
			projectDirPath = "";
			projectRoot = "";
			targets = (
				ADB56A902611602500D845B1 /* FlickerViewer */,
			);
		};
/* End PBXProject section */

/* Begin PBXResourcesBuildPhase section */
		ADB56A8F2611602500D845B1 /* Resources */ = {
			isa = PBXResourcesBuildPhase;
			buildActionMask = 2147483647;
			files = (
				ADB56AA12611602800D845B1 /* LaunchScreen.storyboard in Resources */,
				ADB56A9E2611602800D845B1 /* Assets.xcassets in Resources */,
				ADB56A9C2611602500D845B1 /* Main.storyboard in Resources */,
			);
			runOnlyForDeploymentPostprocessing = 0;
		};
/* End PBXResourcesBuildPhase section */

/* Begin PBXSourcesBuildPhase section */
		ADB56A8D2611602500D845B1 /* Sources */ = {
			isa = PBXSourcesBuildPhase;
			buildActionMask = 2147483647;
			files = (
				ADB56AAF2611678700D845B1 /* Photo.swift in Sources */,
				ADE9083C26120F81003709E6 /* StockSearchResult.swift in Sources */,
				ADB56AAD2611652800D845B1 /* PhotoStore.swift in Sources */,
				ADB56AA9261161EA00D845B1 /* PhotosViewController.swift in Sources */,
				ADB56A952611602500D845B1 /* AppDelegate.swift in Sources */,
				ADE9083A2612052F003709E6 /* StockStore.swift in Sources */,
				ADE9084026121481003709E6 /* StockProfile.swift in Sources */,
				ADE9083E261212A2003709E6 /* ActiveStock.swift in Sources */,
				ADB56A972611602500D845B1 /* SceneDelegate.swift in Sources */,
				ADE9083826120520003709E6 /* StockAPI.swift in Sources */,
				ADB56AAB2611635B00D845B1 /* FlickrAPI.swift in Sources */,
			);
			runOnlyForDeploymentPostprocessing = 0;
		};
/* End PBXSourcesBuildPhase section */

/* Begin PBXVariantGroup section */
		ADB56A9A2611602500D845B1 /* Main.storyboard */ = {
			isa = PBXVariantGroup;
			children = (
				ADB56A9B2611602500D845B1 /* Base */,
			);
			name = Main.storyboard;
			sourceTree = "<group>";
		};
		ADB56A9F2611602800D845B1 /* LaunchScreen.storyboard */ = {
			isa = PBXVariantGroup;
			children = (
				ADB56AA02611602800D845B1 /* Base */,
			);
			name = LaunchScreen.storyboard;
			sourceTree = "<group>";
		};
/* End PBXVariantGroup section */

/* Begin XCBuildConfiguration section */
		ADB56AA32611602800D845B1 /* Debug */ = {
			isa = XCBuildConfiguration;
			buildSettings = {
				ALWAYS_SEARCH_USER_PATHS = NO;
				CLANG_ANALYZER_NONNULL = YES;
				CLANG_ANALYZER_NUMBER_OBJECT_CONVERSION = YES_AGGRESSIVE;
				CLANG_CXX_LANGUAGE_STANDARD = "gnu++14";
				CLANG_CXX_LIBRARY = "libc++";
				CLANG_ENABLE_MODULES = YES;
				CLANG_ENABLE_OBJC_ARC = YES;
				CLANG_ENABLE_OBJC_WEAK = YES;
				CLANG_WARN_BLOCK_CAPTURE_AUTORELEASING = YES;
				CLANG_WARN_BOOL_CONVERSION = YES;
				CLANG_WARN_COMMA = YES;
				CLANG_WARN_CONSTANT_CONVERSION = YES;
				CLANG_WARN_DEPRECATED_OBJC_IMPLEMENTATIONS = YES;
				CLANG_WARN_DIRECT_OBJC_ISA_USAGE = YES_ERROR;
				CLANG_WARN_DOCUMENTATION_COMMENTS = YES;
				CLANG_WARN_EMPTY_BODY = YES;
				CLANG_WARN_ENUM_CONVERSION = YES;
				CLANG_WARN_INFINITE_RECURSION = YES;
				CLANG_WARN_INT_CONVERSION = YES;
				CLANG_WARN_NON_LITERAL_NULL_CONVERSION = YES;
				CLANG_WARN_OBJC_IMPLICIT_RETAIN_SELF = YES;
				CLANG_WARN_OBJC_LITERAL_CONVERSION = YES;
				CLANG_WARN_OBJC_ROOT_CLASS = YES_ERROR;
				CLANG_WARN_QUOTED_INCLUDE_IN_FRAMEWORK_HEADER = YES;
				CLANG_WARN_RANGE_LOOP_ANALYSIS = YES;
				CLANG_WARN_STRICT_PROTOTYPES = YES;
				CLANG_WARN_SUSPICIOUS_MOVE = YES;
				CLANG_WARN_UNGUARDED_AVAILABILITY = YES_AGGRESSIVE;
				CLANG_WARN_UNREACHABLE_CODE = YES;
				CLANG_WARN__DUPLICATE_METHOD_MATCH = YES;
				COPY_PHASE_STRIP = NO;
				DEBUG_INFORMATION_FORMAT = dwarf;
				ENABLE_STRICT_OBJC_MSGSEND = YES;
				ENABLE_TESTABILITY = YES;
				GCC_C_LANGUAGE_STANDARD = gnu11;
				GCC_DYNAMIC_NO_PIC = NO;
				GCC_NO_COMMON_BLOCKS = YES;
				GCC_OPTIMIZATION_LEVEL = 0;
				GCC_PREPROCESSOR_DEFINITIONS = (
					"DEBUG=1",
					"$(inherited)",
				);
				GCC_WARN_64_TO_32_BIT_CONVERSION = YES;
				GCC_WARN_ABOUT_RETURN_TYPE = YES_ERROR;
				GCC_WARN_UNDECLARED_SELECTOR = YES;
				GCC_WARN_UNINITIALIZED_AUTOS = YES_AGGRESSIVE;
				GCC_WARN_UNUSED_FUNCTION = YES;
				GCC_WARN_UNUSED_VARIABLE = YES;
				IPHONEOS_DEPLOYMENT_TARGET = 14.5;
				MTL_ENABLE_DEBUG_INFO = INCLUDE_SOURCE;
				MTL_FAST_MATH = YES;
				ONLY_ACTIVE_ARCH = YES;
				SDKROOT = iphoneos;
				SWIFT_ACTIVE_COMPILATION_CONDITIONS = DEBUG;
				SWIFT_OPTIMIZATION_LEVEL = "-Onone";
			};
			name = Debug;
		};
		ADB56AA42611602800D845B1 /* Release */ = {
			isa = XCBuildConfiguration;
			buildSettings = {
				ALWAYS_SEARCH_USER_PATHS = NO;
				CLANG_ANALYZER_NONNULL = YES;
				CLANG_ANALYZER_NUMBER_OBJECT_CONVERSION = YES_AGGRESSIVE;
				CLANG_CXX_LANGUAGE_STANDARD = "gnu++14";
				CLANG_CXX_LIBRARY = "libc++";
				CLANG_ENABLE_MODULES = YES;
				CLANG_ENABLE_OBJC_ARC = YES;
				CLANG_ENABLE_OBJC_WEAK = YES;
				CLANG_WARN_BLOCK_CAPTURE_AUTORELEASING = YES;
				CLANG_WARN_BOOL_CONVERSION = YES;
				CLANG_WARN_COMMA = YES;
				CLANG_WARN_CONSTANT_CONVERSION = YES;
				CLANG_WARN_DEPRECATED_OBJC_IMPLEMENTATIONS = YES;
				CLANG_WARN_DIRECT_OBJC_ISA_USAGE = YES_ERROR;
				CLANG_WARN_DOCUMENTATION_COMMENTS = YES;
				CLANG_WARN_EMPTY_BODY = YES;
				CLANG_WARN_ENUM_CONVERSION = YES;
				CLANG_WARN_INFINITE_RECURSION = YES;
				CLANG_WARN_INT_CONVERSION = YES;
				CLANG_WARN_NON_LITERAL_NULL_CONVERSION = YES;
				CLANG_WARN_OBJC_IMPLICIT_RETAIN_SELF = YES;
				CLANG_WARN_OBJC_LITERAL_CONVERSION = YES;
				CLANG_WARN_OBJC_ROOT_CLASS = YES_ERROR;
				CLANG_WARN_QUOTED_INCLUDE_IN_FRAMEWORK_HEADER = YES;
				CLANG_WARN_RANGE_LOOP_ANALYSIS = YES;
				CLANG_WARN_STRICT_PROTOTYPES = YES;
				CLANG_WARN_SUSPICIOUS_MOVE = YES;
				CLANG_WARN_UNGUARDED_AVAILABILITY = YES_AGGRESSIVE;
				CLANG_WARN_UNREACHABLE_CODE = YES;
				CLANG_WARN__DUPLICATE_METHOD_MATCH = YES;
				COPY_PHASE_STRIP = NO;
				DEBUG_INFORMATION_FORMAT = "dwarf-with-dsym";
				ENABLE_NS_ASSERTIONS = NO;
				ENABLE_STRICT_OBJC_MSGSEND = YES;
				GCC_C_LANGUAGE_STANDARD = gnu11;
				GCC_NO_COMMON_BLOCKS = YES;
				GCC_WARN_64_TO_32_BIT_CONVERSION = YES;
				GCC_WARN_ABOUT_RETURN_TYPE = YES_ERROR;
				GCC_WARN_UNDECLARED_SELECTOR = YES;
				GCC_WARN_UNINITIALIZED_AUTOS = YES_AGGRESSIVE;
				GCC_WARN_UNUSED_FUNCTION = YES;
				GCC_WARN_UNUSED_VARIABLE = YES;
				IPHONEOS_DEPLOYMENT_TARGET = 14.5;
				MTL_ENABLE_DEBUG_INFO = NO;
				MTL_FAST_MATH = YES;
				SDKROOT = iphoneos;
				SWIFT_COMPILATION_MODE = wholemodule;
				SWIFT_OPTIMIZATION_LEVEL = "-O";
				VALIDATE_PRODUCT = YES;
			};
			name = Release;
		};
		ADB56AA62611602800D845B1 /* Debug */ = {
			isa = XCBuildConfiguration;
			buildSettings = {
				ASSETCATALOG_COMPILER_APPICON_NAME = AppIcon;
				ASSETCATALOG_COMPILER_GLOBAL_ACCENT_COLOR_NAME = AccentColor;
				CODE_SIGN_STYLE = Automatic;
				DEVELOPMENT_TEAM = SPSP3R3DPU;
				INFOPLIST_FILE = FlickerViewer/Info.plist;
				LD_RUNPATH_SEARCH_PATHS = (
					"$(inherited)",
					"@executable_path/Frameworks",
				);
				PRODUCT_BUNDLE_IDENTIFIER = com.carleton.2601.FlickerViewer;
				PRODUCT_NAME = "$(TARGET_NAME)";
				SWIFT_VERSION = 5.0;
				TARGETED_DEVICE_FAMILY = "1,2";
			};
			name = Debug;
		};
		ADB56AA72611602800D845B1 /* Release */ = {
			isa = XCBuildConfiguration;
			buildSettings = {
				ASSETCATALOG_COMPILER_APPICON_NAME = AppIcon;
				ASSETCATALOG_COMPILER_GLOBAL_ACCENT_COLOR_NAME = AccentColor;
				CODE_SIGN_STYLE = Automatic;
				DEVELOPMENT_TEAM = SPSP3R3DPU;
				INFOPLIST_FILE = FlickerViewer/Info.plist;
				LD_RUNPATH_SEARCH_PATHS = (
					"$(inherited)",
					"@executable_path/Frameworks",
				);
				PRODUCT_BUNDLE_IDENTIFIER = com.carleton.2601.FlickerViewer;
				PRODUCT_NAME = "$(TARGET_NAME)";
				SWIFT_VERSION = 5.0;
				TARGETED_DEVICE_FAMILY = "1,2";
			};
			name = Release;
		};
/* End XCBuildConfiguration section */

/* Begin XCConfigurationList section */
		ADB56A8C2611602500D845B1 /* Build configuration list for PBXProject "FlickerViewer" */ = {
			isa = XCConfigurationList;
			buildConfigurations = (
				ADB56AA32611602800D845B1 /* Debug */,
				ADB56AA42611602800D845B1 /* Release */,
			);
			defaultConfigurationIsVisible = 0;
			defaultConfigurationName = Release;
		};
		ADB56AA52611602800D845B1 /* Build configuration list for PBXNativeTarget "FlickerViewer" */ = {
			isa = XCConfigurationList;
			buildConfigurations = (
				ADB56AA62611602800D845B1 /* Debug */,
				ADB56AA72611602800D845B1 /* Release */,
			);
			defaultConfigurationIsVisible = 0;
			defaultConfigurationName = Release;
		};
/* End XCConfigurationList section */
	};
	rootObject = ADB56A892611602500D845B1 /* Project object */;
}
