// !$*UTF8*$!
{
	archiveVersion = 1;
	classes = {
	};
	objectVersion = 48;
	objects = {

/* Begin PBXBuildFile section */
		AD32E6E425F7ACBD0031AA30 /* StockStore.swift in Sources */ = {isa = PBXBuildFile; fileRef = AD32E6E325F7ACBD0031AA30 /* StockStore.swift */; };
		AD32E6E725F7ADD80031AA30 /* StockAPI.swift in Sources */ = {isa = PBXBuildFile; fileRef = AD32E6E625F7ADD80031AA30 /* StockAPI.swift */; };
		EDBADE88204C7F9E00F581EB /* AppDelegate.swift in Sources */ = {isa = PBXBuildFile; fileRef = EDBADE87204C7F9E00F581EB /* AppDelegate.swift */; };
		EDBADE8D204C7F9E00F581EB /* Main.storyboard in Resources */ = {isa = PBXBuildFile; fileRef = EDBADE8B204C7F9E00F581EB /* Main.storyboard */; };
		EDBADE8F204C7F9E00F581EB /* Assets.xcassets in Resources */ = {isa = PBXBuildFile; fileRef = EDBADE8E204C7F9E00F581EB /* Assets.xcassets */; };
		EDBADE92204C7F9E00F581EB /* LaunchScreen.storyboard in Resources */ = {isa = PBXBuildFile; fileRef = EDBADE90204C7F9E00F581EB /* LaunchScreen.storyboard */; };
		EDBADE9A204C7FE500F581EB /* PhotosViewController.swift in Sources */ = {isa = PBXBuildFile; fileRef = EDBADE99204C7FE500F581EB /* PhotosViewController.swift */; };
		EDBADE9C204C891A00F581EB /* FlickrAPI.swift in Sources */ = {isa = PBXBuildFile; fileRef = EDBADE9B204C891A00F581EB /* FlickrAPI.swift */; };
		EDBADE9E204CABF000F581EB /* PhotoStore.swift in Sources */ = {isa = PBXBuildFile; fileRef = EDBADE9D204CABF000F581EB /* PhotoStore.swift */; };
/* End PBXBuildFile section */

/* Begin PBXFileReference section */
		AD32E6E325F7ACBD0031AA30 /* StockStore.swift */ = {isa = PBXFileReference; lastKnownFileType = sourcecode.swift; path = StockStore.swift; sourceTree = "<group>"; };
		AD32E6E625F7ADD80031AA30 /* StockAPI.swift */ = {isa = PBXFileReference; lastKnownFileType = sourcecode.swift; path = StockAPI.swift; sourceTree = "<group>"; };
		EDBADE84204C7F9E00F581EB /* FlickrViewer.app */ = {isa = PBXFileReference; explicitFileType = wrapper.application; includeInIndex = 0; path = FlickrViewer.app; sourceTree = BUILT_PRODUCTS_DIR; };
		EDBADE87204C7F9E00F581EB /* AppDelegate.swift */ = {isa = PBXFileReference; lastKnownFileType = sourcecode.swift; path = AppDelegate.swift; sourceTree = "<group>"; };
		EDBADE8C204C7F9E00F581EB /* Base */ = {isa = PBXFileReference; lastKnownFileType = file.storyboard; name = Base; path = Base.lproj/Main.storyboard; sourceTree = "<group>"; };
		EDBADE8E204C7F9E00F581EB /* Assets.xcassets */ = {isa = PBXFileReference; lastKnownFileType = folder.assetcatalog; path = Assets.xcassets; sourceTree = "<group>"; };
		EDBADE91204C7F9E00F581EB /* Base */ = {isa = PBXFileReference; lastKnownFileType = file.storyboard; name = Base; path = Base.lproj/LaunchScreen.storyboard; sourceTree = "<group>"; };
		EDBADE93204C7F9E00F581EB /* Info.plist */ = {isa = PBXFileReference; lastKnownFileType = text.plist.xml; path = Info.plist; sourceTree = "<group>"; };
		EDBADE99204C7FE500F581EB /* PhotosViewController.swift */ = {isa = PBXFileReference; lastKnownFileType = sourcecode.swift; path = PhotosViewController.swift; sourceTree = "<group>"; };
		EDBADE9B204C891A00F581EB /* FlickrAPI.swift */ = {isa = PBXFileReference; lastKnownFileType = sourcecode.swift; path = FlickrAPI.swift; sourceTree = "<group>"; };
		EDBADE9D204CABF000F581EB /* PhotoStore.swift */ = {isa = PBXFileReference; lastKnownFileType = sourcecode.swift; path = PhotoStore.swift; sourceTree = "<group>"; };
/* End PBXFileReference section */

/* Begin PBXFrameworksBuildPhase section */
		EDBADE81204C7F9D00F581EB /* Frameworks */ = {
			isa = PBXFrameworksBuildPhase;
			buildActionMask = 2147483647;
			files = (
			);
			runOnlyForDeploymentPostprocessing = 0;
		};
/* End PBXFrameworksBuildPhase section */

/* Begin PBXGroup section */
		EDBADE7B204C7F9D00F581EB = {
			isa = PBXGroup;
			children = (
				EDBADE86204C7F9E00F581EB /* FlickrViewer */,
				EDBADE85204C7F9E00F581EB /* Products */,
			);
			sourceTree = "<group>";
		};
		EDBADE85204C7F9E00F581EB /* Products */ = {
			isa = PBXGroup;
			children = (
				EDBADE84204C7F9E00F581EB /* FlickrViewer.app */,
			);
			name = Products;
			sourceTree = "<group>";
		};
		EDBADE86204C7F9E00F581EB /* FlickrViewer */ = {
			isa = PBXGroup;
			children = (
				EDBADE87204C7F9E00F581EB /* AppDelegate.swift */,
				EDBADE8B204C7F9E00F581EB /* Main.storyboard */,
				EDBADE8E204C7F9E00F581EB /* Assets.xcassets */,
				EDBADE90204C7F9E00F581EB /* LaunchScreen.storyboard */,
				EDBADE93204C7F9E00F581EB /* Info.plist */,
				EDBADE99204C7FE500F581EB /* PhotosViewController.swift */,
				EDBADE9B204C891A00F581EB /* FlickrAPI.swift */,
				EDBADE9D204CABF000F581EB /* PhotoStore.swift */,
				AD32E6E325F7ACBD0031AA30 /* StockStore.swift */,
				AD32E6E625F7ADD80031AA30 /* StockAPI.swift */,
			);
			path = FlickrViewer;
			sourceTree = "<group>";
		};
/* End PBXGroup section */

/* Begin PBXNativeTarget section */
		EDBADE83204C7F9D00F581EB /* FlickrViewer */ = {
			isa = PBXNativeTarget;
			buildConfigurationList = EDBADE96204C7F9E00F581EB /* Build configuration list for PBXNativeTarget "FlickrViewer" */;
			buildPhases = (
				EDBADE80204C7F9D00F581EB /* Sources */,
				EDBADE81204C7F9D00F581EB /* Frameworks */,
				EDBADE82204C7F9D00F581EB /* Resources */,
			);
			buildRules = (
			);
			dependencies = (
			);
			name = FlickrViewer;
			productName = FlickrViewer;
			productReference = EDBADE84204C7F9E00F581EB /* FlickrViewer.app */;
			productType = "com.apple.product-type.application";
		};
/* End PBXNativeTarget section */

/* Begin PBXProject section */
		EDBADE7C204C7F9D00F581EB /* Project object */ = {
			isa = PBXProject;
			attributes = {
				LastSwiftUpdateCheck = 0920;
				LastUpgradeCheck = 1010;
				ORGANIZATIONNAME = COMP2601;
				TargetAttributes = {
					EDBADE83204C7F9D00F581EB = {
						CreatedOnToolsVersion = 9.2;
						LastSwiftMigration = 1130;
						ProvisioningStyle = Automatic;
					};
				};
			};
			buildConfigurationList = EDBADE7F204C7F9D00F581EB /* Build configuration list for PBXProject "FlickrViewer" */;
			compatibilityVersion = "Xcode 8.0";
			developmentRegion = en;
			hasScannedForEncodings = 0;
			knownRegions = (
				en,
				Base,
			);
			mainGroup = EDBADE7B204C7F9D00F581EB;
			productRefGroup = EDBADE85204C7F9E00F581EB /* Products */;
			projectDirPath = "";
			projectRoot = "";
			targets = (
				EDBADE83204C7F9D00F581EB /* FlickrViewer */,
			);
		};
/* End PBXProject section */

/* Begin PBXResourcesBuildPhase section */
		EDBADE82204C7F9D00F581EB /* Resources */ = {
			isa = PBXResourcesBuildPhase;
			buildActionMask = 2147483647;
			files = (
				EDBADE92204C7F9E00F581EB /* LaunchScreen.storyboard in Resources */,
				EDBADE8F204C7F9E00F581EB /* Assets.xcassets in Resources */,
				EDBADE8D204C7F9E00F581EB /* Main.storyboard in Resources */,
			);
			runOnlyForDeploymentPostprocessing = 0;
		};
/* End PBXResourcesBuildPhase section */

/* Begin PBXSourcesBuildPhase section */
		EDBADE80204C7F9D00F581EB /* Sources */ = {
			isa = PBXSourcesBuildPhase;
			buildActionMask = 2147483647;
			files = (
				EDBADE9C204C891A00F581EB /* FlickrAPI.swift in Sources */,
				EDBADE9A204C7FE500F581EB /* PhotosViewController.swift in Sources */,
				EDBADE9E204CABF000F581EB /* PhotoStore.swift in Sources */,
				AD32E6E725F7ADD80031AA30 /* StockAPI.swift in Sources */,
				AD32E6E425F7ACBD0031AA30 /* StockStore.swift in Sources */,
				EDBADE88204C7F9E00F581EB /* AppDelegate.swift in Sources */,
			);
			runOnlyForDeploymentPostprocessing = 0;
		};
/* End PBXSourcesBuildPhase section */

/* Begin PBXVariantGroup section */
		EDBADE8B204C7F9E00F581EB /* Main.storyboard */ = {
			isa = PBXVariantGroup;
			children = (
				EDBADE8C204C7F9E00F581EB /* Base */,
			);
			name = Main.storyboard;
			sourceTree = "<group>";
		};
		EDBADE90204C7F9E00F581EB /* LaunchScreen.storyboard */ = {
			isa = PBXVariantGroup;
			children = (
				EDBADE91204C7F9E00F581EB /* Base */,
			);
			name = LaunchScreen.storyboard;
			sourceTree = "<group>";
		};
/* End PBXVariantGroup section */

/* Begin XCBuildConfiguration section */
		EDBADE94204C7F9E00F581EB /* Debug */ = {
			isa = XCBuildConfiguration;
			buildSettings = {
				ALWAYS_SEARCH_USER_PATHS = NO;
				CLANG_ANALYZER_NONNULL = YES;
				CLANG_ANALYZER_NUMBER_OBJECT_CONVERSION = YES_AGGRESSIVE;
				CLANG_CXX_LANGUAGE_STANDARD = "gnu++14";
				CLANG_CXX_LIBRARY = "libc++";
				CLANG_ENABLE_MODULES = YES;
				CLANG_ENABLE_OBJC_ARC = YES;
				CLANG_WARN_BLOCK_CAPTURE_AUTORELEASING = YES;
				CLANG_WARN_BOOL_CONVERSION = YES;
				CLANG_WARN_COMMA = YES;
				CLANG_WARN_CONSTANT_CONVERSION = YES;
				CLANG_WARN_DEPRECATED_OBJC_IMPLEMENTATIONS = YES;
				CLANG_WARN_DIRECT_OBJC_ISA_USAGE = YES_ERROR;
				CLANG_WARN_DOCUMENTATION_COMMENTS = YES;
				CLANG_WARN_EMPTY_BODY = YES;
				CLANG_WARN_ENUM_CONVERSION = YES;
				CLANG_WARN_INFINITE_RECURSION = YES;
				CLANG_WARN_INT_CONVERSION = YES;
				CLANG_WARN_NON_LITERAL_NULL_CONVERSION = YES;
				CLANG_WARN_OBJC_IMPLICIT_RETAIN_SELF = YES;
				CLANG_WARN_OBJC_LITERAL_CONVERSION = YES;
				CLANG_WARN_OBJC_ROOT_CLASS = YES_ERROR;
				CLANG_WARN_RANGE_LOOP_ANALYSIS = YES;
				CLANG_WARN_STRICT_PROTOTYPES = YES;
				CLANG_WARN_SUSPICIOUS_MOVE = YES;
				CLANG_WARN_UNGUARDED_AVAILABILITY = YES_AGGRESSIVE;
				CLANG_WARN_UNREACHABLE_CODE = YES;
				CLANG_WARN__DUPLICATE_METHOD_MATCH = YES;
				CODE_SIGN_IDENTITY = "iPhone Developer";
				COPY_PHASE_STRIP = NO;
				DEBUG_INFORMATION_FORMAT = dwarf;
				ENABLE_STRICT_OBJC_MSGSEND = YES;
				ENABLE_TESTABILITY = YES;
				GCC_C_LANGUAGE_STANDARD = gnu11;
				GCC_DYNAMIC_NO_PIC = NO;
				GCC_NO_COMMON_BLOCKS = YES;
				GCC_OPTIMIZATION_LEVEL = 0;
				GCC_PREPROCESSOR_DEFINITIONS = (
					"DEBUG=1",
					"$(inherited)",
				);
				GCC_WARN_64_TO_32_BIT_CONVERSION = YES;
				GCC_WARN_ABOUT_RETURN_TYPE = YES_ERROR;
				GCC_WARN_UNDECLARED_SELECTOR = YES;
				GCC_WARN_UNINITIALIZED_AUTOS = YES_AGGRESSIVE;
				GCC_WARN_UNUSED_FUNCTION = YES;
				GCC_WARN_UNUSED_VARIABLE = YES;
				IPHONEOS_DEPLOYMENT_TARGET = 12.1;
				MTL_ENABLE_DEBUG_INFO = YES;
				ONLY_ACTIVE_ARCH = YES;
				SDKROOT = iphoneos;
				SWIFT_ACTIVE_COMPILATION_CONDITIONS = DEBUG;
				SWIFT_OPTIMIZATION_LEVEL = "-Onone";
			};
			name = Debug;
		};
		EDBADE95204C7F9E00F581EB /* Release */ = {
			isa = XCBuildConfiguration;
			buildSettings = {
				ALWAYS_SEARCH_USER_PATHS = NO;
				CLANG_ANALYZER_NONNULL = YES;
				CLANG_ANALYZER_NUMBER_OBJECT_CONVERSION = YES_AGGRESSIVE;
				CLANG_CXX_LANGUAGE_STANDARD = "gnu++14";
				CLANG_CXX_LIBRARY = "libc++";
				CLANG_ENABLE_MODULES = YES;
				CLANG_ENABLE_OBJC_ARC = YES;
				CLANG_WARN_BLOCK_CAPTURE_AUTORELEASING = YES;
				CLANG_WARN_BOOL_CONVERSION = YES;
				CLANG_WARN_COMMA = YES;
				CLANG_WARN_CONSTANT_CONVERSION = YES;
				CLANG_WARN_DEPRECATED_OBJC_IMPLEMENTATIONS = YES;
				CLANG_WARN_DIRECT_OBJC_ISA_USAGE = YES_ERROR;
				CLANG_WARN_DOCUMENTATION_COMMENTS = YES;
				CLANG_WARN_EMPTY_BODY = YES;
				CLANG_WARN_ENUM_CONVERSION = YES;
				CLANG_WARN_INFINITE_RECURSION = YES;
				CLANG_WARN_INT_CONVERSION = YES;
				CLANG_WARN_NON_LITERAL_NULL_CONVERSION = YES;
				CLANG_WARN_OBJC_IMPLICIT_RETAIN_SELF = YES;
				CLANG_WARN_OBJC_LITERAL_CONVERSION = YES;
				CLANG_WARN_OBJC_ROOT_CLASS = YES_ERROR;
				CLANG_WARN_RANGE_LOOP_ANALYSIS = YES;
				CLANG_WARN_STRICT_PROTOTYPES = YES;
				CLANG_WARN_SUSPICIOUS_MOVE = YES;
				CLANG_WARN_UNGUARDED_AVAILABILITY = YES_AGGRESSIVE;
				CLANG_WARN_UNREACHABLE_CODE = YES;
				CLANG_WARN__DUPLICATE_METHOD_MATCH = YES;
				CODE_SIGN_IDENTITY = "iPhone Developer";
				COPY_PHASE_STRIP = NO;
				DEBUG_INFORMATION_FORMAT = "dwarf-with-dsym";
				ENABLE_NS_ASSERTIONS = NO;
				ENABLE_STRICT_OBJC_MSGSEND = YES;
				GCC_C_LANGUAGE_STANDARD = gnu11;
				GCC_NO_COMMON_BLOCKS = YES;
				GCC_WARN_64_TO_32_BIT_CONVERSION = YES;
				GCC_WARN_ABOUT_RETURN_TYPE = YES_ERROR;
				GCC_WARN_UNDECLARED_SELECTOR = YES;
				GCC_WARN_UNINITIALIZED_AUTOS = YES_AGGRESSIVE;
				GCC_WARN_UNUSED_FUNCTION = YES;
				GCC_WARN_UNUSED_VARIABLE = YES;
				IPHONEOS_DEPLOYMENT_TARGET = 12.1;
				MTL_ENABLE_DEBUG_INFO = NO;
				SDKROOT = iphoneos;
				SWIFT_OPTIMIZATION_LEVEL = "-Owholemodule";
				VALIDATE_PRODUCT = YES;
			};
			name = Release;
		};
		EDBADE97204C7F9E00F581EB /* Debug */ = {
			isa = XCBuildConfiguration;
			buildSettings = {
				ASSETCATALOG_COMPILER_APPICON_NAME = AppIcon;
				CODE_SIGN_STYLE = Automatic;
				DEVELOPMENT_TEAM = 4Y6FD98BTG;
				INFOPLIST_FILE = FlickrViewer/Info.plist;
				LD_RUNPATH_SEARCH_PATHS = "$(inherited) @executable_path/Frameworks";
				PRODUCT_BUNDLE_IDENTIFIER = ldnel.com.carleton.2601.FlickrViewer;
				PRODUCT_NAME = "$(TARGET_NAME)";
				SWIFT_VERSION = 5.0;
				TARGETED_DEVICE_FAMILY = "1,2";
			};
			name = Debug;
		};
		EDBADE98204C7F9E00F581EB /* Release */ = {
			isa = XCBuildConfiguration;
			buildSettings = {
				ASSETCATALOG_COMPILER_APPICON_NAME = AppIcon;
				CODE_SIGN_STYLE = Automatic;
				DEVELOPMENT_TEAM = 4Y6FD98BTG;
				INFOPLIST_FILE = FlickrViewer/Info.plist;
				LD_RUNPATH_SEARCH_PATHS = "$(inherited) @executable_path/Frameworks";
				PRODUCT_BUNDLE_IDENTIFIER = ldnel.com.carleton.2601.FlickrViewer;
				PRODUCT_NAME = "$(TARGET_NAME)";
				SWIFT_VERSION = 5.0;
				TARGETED_DEVICE_FAMILY = "1,2";
			};
			name = Release;
		};
/* End XCBuildConfiguration section */

/* Begin XCConfigurationList section */
		EDBADE7F204C7F9D00F581EB /* Build configuration list for PBXProject "FlickrViewer" */ = {
			isa = XCConfigurationList;
			buildConfigurations = (
				EDBADE94204C7F9E00F581EB /* Debug */,
				EDBADE95204C7F9E00F581EB /* Release */,
			);
			defaultConfigurationIsVisible = 0;
			defaultConfigurationName = Release;
		};
		EDBADE96204C7F9E00F581EB /* Build configuration list for PBXNativeTarget "FlickrViewer" */ = {
			isa = XCConfigurationList;
			buildConfigurations = (
				EDBADE97204C7F9E00F581EB /* Debug */,
				EDBADE98204C7F9E00F581EB /* Release */,
			);
			defaultConfigurationIsVisible = 0;
			defaultConfigurationName = Release;
		};
/* End XCConfigurationList section */
	};
	rootObject = EDBADE7C204C7F9D00F581EB /* Project object */;
}
